
Microsoft Visual Studio Solution File, Format Version 12.00
# Visual Studio Version 16
VisualStudioVersion = 16.0.30204.135
MinimumVisualStudioVersion = 10.0.40219.1
Project("{FAE04EC0-301F-11D3-BF4B-00C04F79EFBC}") = "FormPrac", "FormPrac\FormPrac.csproj", "{50A60EE2-7CCD-4811-A93B-A42288EEDE8F}"
EndProject
Global
	GlobalSection(SolutionConfigurationPlatforms) = preSolution
		Debug|Any CPU = Debug|Any CPU
		Release|Any CPU = Release|Any CPU
	EndGlobalSection
	GlobalSection(ProjectConfigurationPlatforms) = postSolution
		{50A60EE2-7CCD-4811-A93B-A42288EEDE8F}.Debug|Any CPU.ActiveCfg = Debug|Any CPU
		{50A60EE2-7CCD-4811-A93B-A42288EEDE8F}.Debug|Any CPU.Build.0 = Debug|Any CPU
		{50A60EE2-7CCD-4811-A93B-A42288EEDE8F}.Release|Any CPU.ActiveCfg = Release|Any CPU
		{50A60EE2-7CCD-4811-A93B-A42288EEDE8F}.Release|Any CPU.Build.0 = Release|Any CPU
	EndGlobalSection
	GlobalSection(SolutionProperties) = preSolution
		HideSolutionNode = FALSE
	EndGlobalSection
	GlobalSection(ExtensibilityGlobals) = postSolution
		SolutionGuid = {01835EA1-CBAB-47CC-AE4A-73E2886E3763}
	EndGlobalSection
EndGlobal
